PODS:
  - ar_rtc_engine (4.2.6):
    - ARtcKit_iOS (= 4.2.2.5)
    - Flutter
  - ARtcKit_iOS (4.2.2.5)
  - e2e (0.0.1):
    - Flutter
  - Flutter (1.0.0)
  - "permission_handler (5.0.1+1)":
    - Flutter

DEPENDENCIES:
  - ar_rtc_engine (from `.symlinks/plugins/ar_rtc_engine/ios`)
  - e2e (from `.symlinks/plugins/e2e/ios`)
  - Flutter (from `Flutter`)
  - permission_handler (from `.symlinks/plugins/permission_handler/ios`)

SPEC REPOS:
  trunk:
    - ARtcKit_iOS

EXTERNAL SOURCES:
  ar_rtc_engine:
    :path: ".symlinks/plugins/ar_rtc_engine/ios"
  e2e:
    :path: ".symlinks/plugins/e2e/ios"
  Flutter:
    :path: Flutter
  permission_handler:
    :path: ".symlinks/plugins/permission_handler/ios"

SPEC CHECKSUMS:
  ar_rtc_engine: d7e2de8fbd90d78acd9833a17b507a6f7153b40c
  ARtcKit_iOS: 70bf1231f684e41ed18be1271fcccb557b55f384
  e2e: 967b9b1fc533b7636a3b7a719f840c27f301fe1f
  Flutter: 50d75fe2f02b26cc09d224853bb45737f8b3214a
  permission_handler: eac8e15b4a1a3fba55b761d19f3f4e6b005d15b6

PODFILE CHECKSUM: 324709033fdbc1fa744dac75dde748e9cf475d50

COCOAPODS: 1.11.2
