PODS:
  - ar_rtc_engine (4.1.0):
    - ARtcKit_iOS (= 4.1.0.8)
    - Flutter
  - ARtcKit_iOS (4.1.0.8)
  - e2e (0.0.1):
    - Flutter
  - Flutter (1.0.0)
  - "permission_handler (5.0.1+1)":
    - Flutter

DEPENDENCIES:
  - ar_rtc_engine (from `.symlinks/plugins/ar_rtc_engine/ios`)
  - e2e (from `.symlinks/plugins/e2e/ios`)
  - Flutter (from `Flutter`)
  - permission_handler (from `.symlinks/plugins/permission_handler/ios`)

SPEC REPOS:
  trunk:
    - ARtcKit_iOS

EXTERNAL SOURCES:
  ar_rtc_engine:
    :path: ".symlinks/plugins/ar_rtc_engine/ios"
  e2e:
    :path: ".symlinks/plugins/e2e/ios"
  Flutter:
    :path: Flutter
  permission_handler:
    :path: ".symlinks/plugins/permission_handler/ios"

SPEC CHECKSUMS:
  ar_rtc_engine: 46916768da27e2dcde1385253399f64bda8a8a39
  ARtcKit_iOS: 38c9d808c49a0bcf47d55ea3fa29bec1ee3b8ac8
  e2e: 967b9b1fc533b7636a3b7a719f840c27f301fe1f
  Flutter: 0e3d915762c693b495b44d77113d4970485de6ec
  permission_handler: eac8e15b4a1a3fba55b761d19f3f4e6b005d15b6

PODFILE CHECKSUM: c34e2287a9ccaa606aeceab922830efb9a6ff69a

COCOAPODS: 1.9.3
